[{<<"envy">>,
  {git,"git://github.com/manderson26/envy.git",
       {ref,"0148fb4b7ed0e188511578e98b42d6e7dde0ebd1"}},
  1},
 {<<"epgsql">>,
  {git,"https://github.com/chef/epgsql-1",
       {ref,"7715ae7a41aa9dd07040e52293cd31c321e7466e"}},
  0},
 {<<"pooler">>,
  {git,"git://github.com/seth/pooler.git",
       {ref,"b6c522a67a1d067122705ef725535a8664dd8514"}},
  1},
 {<<"sqerl">>,
  {git,"https://github.com/chef/sqerl",
       {ref,"7e40908af7010b70212320e3d410dff31edfc7f9"}},
  0},
 {<<"sync">>,
  {git,"https://github.com/rustyio/sync",
       {ref,"20846b02126846d69f1f4b2d00fcad580ef5c0d0"}},
  0}].
